// !$*UTF8*$!
{
	archiveVersion = 1;
	classes = {
	};
	objectVersion = 55;
	objects = {

/* Begin PBXBuildFile section */
		061727E427CA777D00CE8931 /* TeamResolver in Frameworks */ = {isa = PBXBuildFile; productRef = 061727E327CA777D00CE8931 /* TeamResolver */; };
		7C553B2C27CFD78D00A9C52C /* TeamResultsViewModel.swift in Sources */ = {isa = PBXBuildFile; fileRef = 7C553B2B27CFD78D00A9C52C /* TeamResultsViewModel.swift */; };
		7C553B3027CFFF9300A9C52C /* ColorPickerView.swift in Sources */ = {isa = PBXBuildFile; fileRef = 7C553B2F27CFFF9300A9C52C /* ColorPickerView.swift */; };
		7C9CE7CB27CFC75D007C38D8 /* CloudView.swift in Sources */ = {isa = PBXBuildFile; fileRef = 7C9CE7CA27CFC75D007C38D8 /* CloudView.swift */; };
		7C9CE7CD27CFCE2A007C38D8 /* OnAnimationComplete.swift in Sources */ = {isa = PBXBuildFile; fileRef = 7C9CE7CC27CFCE2A007C38D8 /* OnAnimationComplete.swift */; };
		7C9CE7CF27CFD5C0007C38D8 /* PlayerInterestConverter.swift in Sources */ = {isa = PBXBuildFile; fileRef = 7C9CE7CE27CFD5C0007C38D8 /* PlayerInterestConverter.swift */; };
		7CC5007B27CE0FC50024F77C /* PlayerIntersectionCoordinator.swift in Sources */ = {isa = PBXBuildFile; fileRef = 7CC5007A27CE0FC50024F77C /* PlayerIntersectionCoordinator.swift */; };
		7CC5007F27CE179B0024F77C /* Device.swift in Sources */ = {isa = PBXBuildFile; fileRef = 7CC5007E27CE179B0024F77C /* Device.swift */; };
		7CC5008227CE185A0024F77C /* Rainbow.swift in Sources */ = {isa = PBXBuildFile; fileRef = 7CC5008127CE185A0024F77C /* Rainbow.swift */; };
		7CC5008727CE21300024F77C /* PairingInstructionsView.swift in Sources */ = {isa = PBXBuildFile; fileRef = 7CC5008627CE21300024F77C /* PairingInstructionsView.swift */; };
		7CC5008927CE22F30024F77C /* PassThePhoneViewModel.swift in Sources */ = {isa = PBXBuildFile; fileRef = 7CC5008827CE22F30024F77C /* PassThePhoneViewModel.swift */; };
		7CC5008C27CE23850024F77C /* TeammateFeedbackView.swift in Sources */ = {isa = PBXBuildFile; fileRef = 7CC5008B27CE23850024F77C /* TeammateFeedbackView.swift */; };
		7CC5008F27CE241D0024F77C /* InterestInputView.swift in Sources */ = {isa = PBXBuildFile; fileRef = 7CC5008E27CE241D0024F77C /* InterestInputView.swift */; };
		7CC5009127CE4E520024F77C /* PairingSceneLinkFactory.swift in Sources */ = {isa = PBXBuildFile; fileRef = 7CC5009027CE4E520024F77C /* PairingSceneLinkFactory.swift */; };
		7CC5009327CE4FFF0024F77C /* Person.swift in Sources */ = {isa = PBXBuildFile; fileRef = 7CC5009227CE4FFF0024F77C /* Person.swift */; };
		7CC5009527CE6C380024F77C /* StripesShape.swift in Sources */ = {isa = PBXBuildFile; fileRef = 7CC5009427CE6C380024F77C /* StripesShape.swift */; };
		7CC5009827CE749D0024F77C /* TeamResultsView.swift in Sources */ = {isa = PBXBuildFile; fileRef = 7CC5009727CE749D0024F77C /* TeamResultsView.swift */; };
		7CC5009A27CE76D80024F77C /* TeamView.swift in Sources */ = {isa = PBXBuildFile; fileRef = 7CC5009927CE76D80024F77C /* TeamView.swift */; };
		7CC5009F27CE7C460024F77C /* AppColors.swift in Sources */ = {isa = PBXBuildFile; fileRef = 7CC5009E27CE7C460024F77C /* AppColors.swift */; };
		7CD809B327CA6283003F8702 /* Team_Dream_MachineApp.swift in Sources */ = {isa = PBXBuildFile; fileRef = 7CD809B227CA6283003F8702 /* Team_Dream_MachineApp.swift */; };
		7CD809B727CA6286003F8702 /* Assets.xcassets in Resources */ = {isa = PBXBuildFile; fileRef = 7CD809B627CA6286003F8702 /* Assets.xcassets */; };
		7CD809BA27CA6286003F8702 /* Preview Assets.xcassets in Resources */ = {isa = PBXBuildFile; fileRef = 7CD809B927CA6286003F8702 /* Preview Assets.xcassets */; };
		7CD8BB6627CAE48300F09132 /* RosterList.swift in Sources */ = {isa = PBXBuildFile; fileRef = 7CD8BB6527CAE48300F09132 /* RosterList.swift */; };
		7CD8BB6827CAE53800F09132 /* AddPlayerDrawer.swift in Sources */ = {isa = PBXBuildFile; fileRef = 7CD8BB6727CAE53800F09132 /* AddPlayerDrawer.swift */; };
		7CD8BB6C27CAF43700F09132 /* AddPlayerViewModel.swift in Sources */ = {isa = PBXBuildFile; fileRef = 7CD8BB6B27CAF43700F09132 /* AddPlayerViewModel.swift */; };
		7CD8BB6E27CAF45300F09132 /* View+RoundedCorners.swift in Sources */ = {isa = PBXBuildFile; fileRef = 7CD8BB6D27CAF45300F09132 /* View+RoundedCorners.swift */; };
		7CD8BB7027CAF49900F09132 /* PassThePhoneView.swift in Sources */ = {isa = PBXBuildFile; fileRef = 7CD8BB6F27CAF49900F09132 /* PassThePhoneView.swift */; };
		7CD8BB7227CAF5E000F09132 /* PlayerIntersectionModel.swift in Sources */ = {isa = PBXBuildFile; fileRef = 7CD8BB7127CAF5E000F09132 /* PlayerIntersectionModel.swift */; };
		7CD8BB7427CAF61100F09132 /* PlayerFeedbackView.swift in Sources */ = {isa = PBXBuildFile; fileRef = 7CD8BB7327CAF61100F09132 /* PlayerFeedbackView.swift */; };
		7CF7B9BA27CF86510051144A /* WelcomeView.swift in Sources */ = {isa = PBXBuildFile; fileRef = 7CF7B9B927CF86510051144A /* WelcomeView.swift */; };
		7CF7B9C227CF88A60051144A /* BubbleLemonB.ttf in Resources */ = {isa = PBXBuildFile; fileRef = 7CF7B9BD27CF88A60051144A /* BubbleLemonB.ttf */; };
		7CF7B9C527CF88A60051144A /* BubbleLemonA.ttf in Resources */ = {isa = PBXBuildFile; fileRef = 7CF7B9C127CF88A60051144A /* BubbleLemonA.ttf */; };
		7CF7B9CB27CF88B90051144A /* SunnyspellsRegular.otf in Resources */ = {isa = PBXBuildFile; fileRef = 7CF7B9C927CF88B90051144A /* SunnyspellsRegular.otf */; };
		7CF7B9CD27CF88C10051144A /* kirby-classic.ttf in Resources */ = {isa = PBXBuildFile; fileRef = 7CF7B9CC27CF88C10051144A /* kirby-classic.ttf */; };
		7CF7B9CE27CF88C50051144A /* BalonkuRegular.otf in Resources */ = {isa = PBXBuildFile; fileRef = 7CF7B9C627CF88AD0051144A /* BalonkuRegular.otf */; };
/* End PBXBuildFile section */

/* Begin PBXContainerItemProxy section */
		7CD809C027CA6287003F8702 /* PBXContainerItemProxy */ = {
			isa = PBXContainerItemProxy;
			containerPortal = 7CD809A727CA6283003F8702 /* Project object */;
			proxyType = 1;
			remoteGlobalIDString = 7CD809AE27CA6283003F8702;
			remoteInfo = "Team Dream Machine";
		};
		7CD809CA27CA6287003F8702 /* PBXContainerItemProxy */ = {
			isa = PBXContainerItemProxy;
			containerPortal = 7CD809A727CA6283003F8702 /* Project object */;
			proxyType = 1;
			remoteGlobalIDString = 7CD809AE27CA6283003F8702;
			remoteInfo = "Team Dream Machine";
		};
/* End PBXContainerItemProxy section */

/* Begin PBXFileReference section */
		7C553B2B27CFD78D00A9C52C /* TeamResultsViewModel.swift */ = {isa = PBXFileReference; lastKnownFileType = sourcecode.swift; path = TeamResultsViewModel.swift; sourceTree = "<group>"; };
		7C553B2F27CFFF9300A9C52C /* ColorPickerView.swift */ = {isa = PBXFileReference; lastKnownFileType = sourcecode.swift; path = ColorPickerView.swift; sourceTree = "<group>"; };
		7C9CE7CA27CFC75D007C38D8 /* CloudView.swift */ = {isa = PBXFileReference; lastKnownFileType = sourcecode.swift; path = CloudView.swift; sourceTree = "<group>"; };
		7C9CE7CC27CFCE2A007C38D8 /* OnAnimationComplete.swift */ = {isa = PBXFileReference; lastKnownFileType = sourcecode.swift; path = OnAnimationComplete.swift; sourceTree = "<group>"; };
		7C9CE7CE27CFD5C0007C38D8 /* PlayerInterestConverter.swift */ = {isa = PBXFileReference; lastKnownFileType = sourcecode.swift; path = PlayerInterestConverter.swift; sourceTree = "<group>"; };
		7CC5007A27CE0FC50024F77C /* PlayerIntersectionCoordinator.swift */ = {isa = PBXFileReference; lastKnownFileType = sourcecode.swift; path = PlayerIntersectionCoordinator.swift; sourceTree = "<group>"; };
		7CC5007E27CE179B0024F77C /* Device.swift */ = {isa = PBXFileReference; lastKnownFileType = sourcecode.swift; path = Device.swift; sourceTree = "<group>"; };
		7CC5008127CE185A0024F77C /* Rainbow.swift */ = {isa = PBXFileReference; lastKnownFileType = sourcecode.swift; path = Rainbow.swift; sourceTree = "<group>"; };
		7CC5008627CE21300024F77C /* PairingInstructionsView.swift */ = {isa = PBXFileReference; lastKnownFileType = sourcecode.swift; path = PairingInstructionsView.swift; sourceTree = "<group>"; };
		7CC5008827CE22F30024F77C /* PassThePhoneViewModel.swift */ = {isa = PBXFileReference; lastKnownFileType = sourcecode.swift; path = PassThePhoneViewModel.swift; sourceTree = "<group>"; };
		7CC5008B27CE23850024F77C /* TeammateFeedbackView.swift */ = {isa = PBXFileReference; lastKnownFileType = sourcecode.swift; path = TeammateFeedbackView.swift; sourceTree = "<group>"; };
		7CC5008E27CE241D0024F77C /* InterestInputView.swift */ = {isa = PBXFileReference; lastKnownFileType = sourcecode.swift; path = InterestInputView.swift; sourceTree = "<group>"; };
		7CC5009027CE4E520024F77C /* PairingSceneLinkFactory.swift */ = {isa = PBXFileReference; lastKnownFileType = sourcecode.swift; path = PairingSceneLinkFactory.swift; sourceTree = "<group>"; };
		7CC5009227CE4FFF0024F77C /* Person.swift */ = {isa = PBXFileReference; lastKnownFileType = sourcecode.swift; path = Person.swift; sourceTree = "<group>"; };
		7CC5009427CE6C380024F77C /* StripesShape.swift */ = {isa = PBXFileReference; lastKnownFileType = sourcecode.swift; path = StripesShape.swift; sourceTree = "<group>"; };
		7CC5009727CE749D0024F77C /* TeamResultsView.swift */ = {isa = PBXFileReference; lastKnownFileType = sourcecode.swift; path = TeamResultsView.swift; sourceTree = "<group>"; };
		7CC5009927CE76D80024F77C /* TeamView.swift */ = {isa = PBXFileReference; lastKnownFileType = sourcecode.swift; path = TeamView.swift; sourceTree = "<group>"; };
		7CC5009E27CE7C460024F77C /* AppColors.swift */ = {isa = PBXFileReference; lastKnownFileType = sourcecode.swift; path = AppColors.swift; sourceTree = "<group>"; };
		7CD809AF27CA6283003F8702 /* Team Dream Machine.app */ = {isa = PBXFileReference; explicitFileType = wrapper.application; includeInIndex = 0; path = "Team Dream Machine.app"; sourceTree = BUILT_PRODUCTS_DIR; };
		7CD809B227CA6283003F8702 /* Team_Dream_MachineApp.swift */ = {isa = PBXFileReference; lastKnownFileType = sourcecode.swift; path = Team_Dream_MachineApp.swift; sourceTree = "<group>"; };
		7CD809B627CA6286003F8702 /* Assets.xcassets */ = {isa = PBXFileReference; lastKnownFileType = folder.assetcatalog; path = Assets.xcassets; sourceTree = "<group>"; };
		7CD809B927CA6286003F8702 /* Preview Assets.xcassets */ = {isa = PBXFileReference; lastKnownFileType = folder.assetcatalog; path = "Preview Assets.xcassets"; sourceTree = "<group>"; };
		7CD809BF27CA6287003F8702 /* Team Dream MachineTests.xctest */ = {isa = PBXFileReference; explicitFileType = wrapper.cfbundle; includeInIndex = 0; path = "Team Dream MachineTests.xctest"; sourceTree = BUILT_PRODUCTS_DIR; };
		7CD809C927CA6287003F8702 /* Team Dream MachineUITests.xctest */ = {isa = PBXFileReference; explicitFileType = wrapper.cfbundle; includeInIndex = 0; path = "Team Dream MachineUITests.xctest"; sourceTree = BUILT_PRODUCTS_DIR; };
		7CD809DC27CA62FB003F8702 /* TeamResolver */ = {isa = PBXFileReference; lastKnownFileType = folder; name = TeamResolver; path = ../TeamResolver; sourceTree = "<group>"; };
		7CD8BB6527CAE48300F09132 /* RosterList.swift */ = {isa = PBXFileReference; lastKnownFileType = sourcecode.swift; path = RosterList.swift; sourceTree = "<group>"; };
		7CD8BB6727CAE53800F09132 /* AddPlayerDrawer.swift */ = {isa = PBXFileReference; lastKnownFileType = sourcecode.swift; path = AddPlayerDrawer.swift; sourceTree = "<group>"; };
		7CD8BB6B27CAF43700F09132 /* AddPlayerViewModel.swift */ = {isa = PBXFileReference; lastKnownFileType = sourcecode.swift; path = AddPlayerViewModel.swift; sourceTree = "<group>"; };
		7CD8BB6D27CAF45300F09132 /* View+RoundedCorners.swift */ = {isa = PBXFileReference; lastKnownFileType = sourcecode.swift; path = "View+RoundedCorners.swift"; sourceTree = "<group>"; };
		7CD8BB6F27CAF49900F09132 /* PassThePhoneView.swift */ = {isa = PBXFileReference; lastKnownFileType = sourcecode.swift; path = PassThePhoneView.swift; sourceTree = "<group>"; };
		7CD8BB7127CAF5E000F09132 /* PlayerIntersectionModel.swift */ = {isa = PBXFileReference; lastKnownFileType = sourcecode.swift; path = PlayerIntersectionModel.swift; sourceTree = "<group>"; };
		7CD8BB7327CAF61100F09132 /* PlayerFeedbackView.swift */ = {isa = PBXFileReference; lastKnownFileType = sourcecode.swift; path = PlayerFeedbackView.swift; sourceTree = "<group>"; };
		7CF7B9B927CF86510051144A /* WelcomeView.swift */ = {isa = PBXFileReference; lastKnownFileType = sourcecode.swift; path = WelcomeView.swift; sourceTree = "<group>"; };
		7CF7B9BD27CF88A60051144A /* BubbleLemonB.ttf */ = {isa = PBXFileReference; lastKnownFileType = file; path = BubbleLemonB.ttf; sourceTree = "<group>"; };
		7CF7B9C127CF88A60051144A /* BubbleLemonA.ttf */ = {isa = PBXFileReference; lastKnownFileType = file; path = BubbleLemonA.ttf; sourceTree = "<group>"; };
		7CF7B9C627CF88AD0051144A /* BalonkuRegular.otf */ = {isa = PBXFileReference; lastKnownFileType = file; path = BalonkuRegular.otf; sourceTree = "<group>"; };
		7CF7B9C927CF88B90051144A /* SunnyspellsRegular.otf */ = {isa = PBXFileReference; lastKnownFileType = file; path = SunnyspellsRegular.otf; sourceTree = "<group>"; };
		7CF7B9CC27CF88C10051144A /* kirby-classic.ttf */ = {isa = PBXFileReference; lastKnownFileType = file; path = "kirby-classic.ttf"; sourceTree = "<group>"; };
		7CF7B9D127CF8B0F0051144A /* Team-Dream-Machine-Info.plist */ = {isa = PBXFileReference; lastKnownFileType = text.plist; path = "Team-Dream-Machine-Info.plist"; sourceTree = SOURCE_ROOT; };
/* End PBXFileReference section */

/* Begin PBXFrameworksBuildPhase section */
		7CD809AC27CA6283003F8702 /* Frameworks */ = {
			isa = PBXFrameworksBuildPhase;
			buildActionMask = 2147483647;
			files = (
				061727E427CA777D00CE8931 /* TeamResolver in Frameworks */,
			);
			runOnlyForDeploymentPostprocessing = 0;
		};
		7CD809BC27CA6287003F8702 /* Frameworks */ = {
			isa = PBXFrameworksBuildPhase;
			buildActionMask = 2147483647;
			files = (
			);
			runOnlyForDeploymentPostprocessing = 0;
		};
		7CD809C627CA6287003F8702 /* Frameworks */ = {
			isa = PBXFrameworksBuildPhase;
			buildActionMask = 2147483647;
			files = (
			);
			runOnlyForDeploymentPostprocessing = 0;
		};
/* End PBXFrameworksBuildPhase section */

/* Begin PBXGroup section */
		061727E227CA777D00CE8931 /* Frameworks */ = {
			isa = PBXGroup;
			children = (
			);
			name = Frameworks;
			sourceTree = "<group>";
		};
		7C553B2E27CFFF8700A9C52C /* Color Picker */ = {
			isa = PBXGroup;
			children = (
				7C553B2F27CFFF9300A9C52C /* ColorPickerView.swift */,
			);
			path = "Color Picker";
			sourceTree = "<group>";
		};
		7CC5007C27CE17440024F77C /* Scenes */ = {
			isa = PBXGroup;
			children = (
				7C553B2E27CFFF8700A9C52C /* Color Picker */,
				7CF7B9B827CF86410051144A /* Welcome Scene */,
				7CC5009627CE747E0024F77C /* Team Results */,
				7CD8BB6927CAF40400F09132 /* Player Pairing */,
				7CD8BB6427CAE47000F09132 /* Roster Creation */,
				7CC5009227CE4FFF0024F77C /* Person.swift */,
			);
			path = Scenes;
			sourceTree = "<group>";
		};
		7CC5007D27CE176C0024F77C /* Utilities */ = {
			isa = PBXGroup;
			children = (
				7CC5007E27CE179B0024F77C /* Device.swift */,
				7C9CE7CE27CFD5C0007C38D8 /* PlayerInterestConverter.swift */,
			);
			path = Utilities;
			sourceTree = "<group>";
		};
		7CC5008027CE18500024F77C /* Accessory Views */ = {
			isa = PBXGroup;
			children = (
				7CC5008127CE185A0024F77C /* Rainbow.swift */,
				7CC5009427CE6C380024F77C /* StripesShape.swift */,
				7C9CE7CA27CFC75D007C38D8 /* CloudView.swift */,
				7C9CE7CC27CFCE2A007C38D8 /* OnAnimationComplete.swift */,
			);
			path = "Accessory Views";
			sourceTree = "<group>";
		};
		7CC5008327CE19F20024F77C /* Pass The Phone */ = {
			isa = PBXGroup;
			children = (
				7CD8BB6F27CAF49900F09132 /* PassThePhoneView.swift */,
				7CC5008827CE22F30024F77C /* PassThePhoneViewModel.swift */,
			);
			path = "Pass The Phone";
			sourceTree = "<group>";
		};
		7CC5008A27CE23600024F77C /* Teammate Feedback */ = {
			isa = PBXGroup;
			children = (
				7CC5008B27CE23850024F77C /* TeammateFeedbackView.swift */,
			);
			path = "Teammate Feedback";
			sourceTree = "<group>";
		};
		7CC5008D27CE24090024F77C /* Accessory Views */ = {
			isa = PBXGroup;
			children = (
				7CC5008E27CE241D0024F77C /* InterestInputView.swift */,
			);
			path = "Accessory Views";
			sourceTree = "<group>";
		};
		7CC5009627CE747E0024F77C /* Team Results */ = {
			isa = PBXGroup;
			children = (
				7CC5009727CE749D0024F77C /* TeamResultsView.swift */,
				7CC5009927CE76D80024F77C /* TeamView.swift */,
				7C553B2B27CFD78D00A9C52C /* TeamResultsViewModel.swift */,
			);
			path = "Team Results";
			sourceTree = "<group>";
		};
		7CD809A627CA6283003F8702 = {
			isa = PBXGroup;
			children = (
				7CD809DC27CA62FB003F8702 /* TeamResolver */,
				7CD809B127CA6283003F8702 /* Team Dream Machine */,
				7CD809B027CA6283003F8702 /* Products */,
				061727E227CA777D00CE8931 /* Frameworks */,
			);
			sourceTree = "<group>";
		};
		7CD809B027CA6283003F8702 /* Products */ = {
			isa = PBXGroup;
			children = (
				7CD809AF27CA6283003F8702 /* Team Dream Machine.app */,
				7CD809BF27CA6287003F8702 /* Team Dream MachineTests.xctest */,
				7CD809C927CA6287003F8702 /* Team Dream MachineUITests.xctest */,
			);
			name = Products;
			sourceTree = "<group>";
		};
		7CD809B127CA6283003F8702 /* Team Dream Machine */ = {
			isa = PBXGroup;
			children = (
				7CF7B9D127CF8B0F0051144A /* Team-Dream-Machine-Info.plist */,
				7CF7B9BB27CF88930051144A /* Fonts */,
				7CC5008027CE18500024F77C /* Accessory Views */,
				7CC5007D27CE176C0024F77C /* Utilities */,
				7CC5007C27CE17440024F77C /* Scenes */,
				7CD809B227CA6283003F8702 /* Team_Dream_MachineApp.swift */,
				7CD809B627CA6286003F8702 /* Assets.xcassets */,
				7CD809B827CA6286003F8702 /* Preview Content */,
				7CD8BB6D27CAF45300F09132 /* View+RoundedCorners.swift */,
				7CC5009E27CE7C460024F77C /* AppColors.swift */,
			);
			path = "Team Dream Machine";
			sourceTree = "<group>";
		};
		7CD809B827CA6286003F8702 /* Preview Content */ = {
			isa = PBXGroup;
			children = (
				7CD809B927CA6286003F8702 /* Preview Assets.xcassets */,
			);
			path = "Preview Content";
			sourceTree = "<group>";
		};
		7CD8BB6427CAE47000F09132 /* Roster Creation */ = {
			isa = PBXGroup;
			children = (
				7CD8BB6A27CAF42500F09132 /* Add Player Drawer */,
				7CD8BB6527CAE48300F09132 /* RosterList.swift */,
				7CC5009027CE4E520024F77C /* PairingSceneLinkFactory.swift */,
			);
			path = "Roster Creation";
			sourceTree = "<group>";
		};
		7CD8BB6927CAF40400F09132 /* Player Pairing */ = {
			isa = PBXGroup;
			children = (
				7CC5008D27CE24090024F77C /* Accessory Views */,
				7CC5008A27CE23600024F77C /* Teammate Feedback */,
				7CC5008327CE19F20024F77C /* Pass The Phone */,
				7CC5007A27CE0FC50024F77C /* PlayerIntersectionCoordinator.swift */,
				7CD8BB7127CAF5E000F09132 /* PlayerIntersectionModel.swift */,
				7CD8BB7327CAF61100F09132 /* PlayerFeedbackView.swift */,
				7CC5008627CE21300024F77C /* PairingInstructionsView.swift */,
			);
			path = "Player Pairing";
			sourceTree = "<group>";
		};
		7CD8BB6A27CAF42500F09132 /* Add Player Drawer */ = {
			isa = PBXGroup;
			children = (
				7CD8BB6727CAE53800F09132 /* AddPlayerDrawer.swift */,
				7CD8BB6B27CAF43700F09132 /* AddPlayerViewModel.swift */,
			);
			path = "Add Player Drawer";
			sourceTree = "<group>";
		};
		7CF7B9B827CF86410051144A /* Welcome Scene */ = {
			isa = PBXGroup;
			children = (
				7CF7B9B927CF86510051144A /* WelcomeView.swift */,
			);
			path = "Welcome Scene";
			sourceTree = "<group>";
		};
		7CF7B9BB27CF88930051144A /* Fonts */ = {
			isa = PBXGroup;
			children = (
				7CF7B9CC27CF88C10051144A /* kirby-classic.ttf */,
				7CF7B9C927CF88B90051144A /* SunnyspellsRegular.otf */,
				7CF7B9C627CF88AD0051144A /* BalonkuRegular.otf */,
				7CF7B9BD27CF88A60051144A /* BubbleLemonB.ttf */,
				7CF7B9C127CF88A60051144A /* BubbleLemonA.ttf */,
			);
			path = Fonts;
			sourceTree = "<group>";
		};
/* End PBXGroup section */

/* Begin PBXNativeTarget section */
		7CD809AE27CA6283003F8702 /* Team Dream Machine */ = {
			isa = PBXNativeTarget;
			buildConfigurationList = 7CD809D327CA6287003F8702 /* Build configuration list for PBXNativeTarget "Team Dream Machine" */;
			buildPhases = (
				7CD809AB27CA6283003F8702 /* Sources */,
				7CD809AC27CA6283003F8702 /* Frameworks */,
				7CD809AD27CA6283003F8702 /* Resources */,
			);
			buildRules = (
			);
			dependencies = (
			);
			name = "Team Dream Machine";
			packageProductDependencies = (
				061727E327CA777D00CE8931 /* TeamResolver */,
			);
			productName = "Team Dream Machine";
			productReference = 7CD809AF27CA6283003F8702 /* Team Dream Machine.app */;
			productType = "com.apple.product-type.application";
		};
		7CD809BE27CA6287003F8702 /* Team Dream MachineTests */ = {
			isa = PBXNativeTarget;
			buildConfigurationList = 7CD809D627CA6287003F8702 /* Build configuration list for PBXNativeTarget "Team Dream MachineTests" */;
			buildPhases = (
				7CD809BB27CA6287003F8702 /* Sources */,
				7CD809BC27CA6287003F8702 /* Frameworks */,
				7CD809BD27CA6287003F8702 /* Resources */,
			);
			buildRules = (
			);
			dependencies = (
				7CD809C127CA6287003F8702 /* PBXTargetDependency */,
			);
			name = "Team Dream MachineTests";
			productName = "Team Dream MachineTests";
			productReference = 7CD809BF27CA6287003F8702 /* Team Dream MachineTests.xctest */;
			productType = "com.apple.product-type.bundle.unit-test";
		};
		7CD809C827CA6287003F8702 /* Team Dream MachineUITests */ = {
			isa = PBXNativeTarget;
			buildConfigurationList = 7CD809D927CA6287003F8702 /* Build configuration list for PBXNativeTarget "Team Dream MachineUITests" */;
			buildPhases = (
				7CD809C527CA6287003F8702 /* Sources */,
				7CD809C627CA6287003F8702 /* Frameworks */,
				7CD809C727CA6287003F8702 /* Resources */,
			);
			buildRules = (
			);
			dependencies = (
				7CD809CB27CA6287003F8702 /* PBXTargetDependency */,
			);
			name = "Team Dream MachineUITests";
			productName = "Team Dream MachineUITests";
			productReference = 7CD809C927CA6287003F8702 /* Team Dream MachineUITests.xctest */;
			productType = "com.apple.product-type.bundle.ui-testing";
		};
/* End PBXNativeTarget section */

/* Begin PBXProject section */
		7CD809A727CA6283003F8702 /* Project object */ = {
			isa = PBXProject;
			attributes = {
				BuildIndependentTargetsInParallel = 1;
				LastSwiftUpdateCheck = 1300;
				LastUpgradeCheck = 1300;
				TargetAttributes = {
					7CD809AE27CA6283003F8702 = {
						CreatedOnToolsVersion = 13.0;
					};
					7CD809BE27CA6287003F8702 = {
						CreatedOnToolsVersion = 13.0;
						TestTargetID = 7CD809AE27CA6283003F8702;
					};
					7CD809C827CA6287003F8702 = {
						CreatedOnToolsVersion = 13.0;
						TestTargetID = 7CD809AE27CA6283003F8702;
					};
				};
			};
			buildConfigurationList = 7CD809AA27CA6283003F8702 /* Build configuration list for PBXProject "Team Dream Machine" */;
			compatibilityVersion = "Xcode 13.0";
			developmentRegion = en;
			hasScannedForEncodings = 0;
			knownRegions = (
				en,
				Base,
			);
			mainGroup = 7CD809A627CA6283003F8702;
			packageReferences = (
			);
			productRefGroup = 7CD809B027CA6283003F8702 /* Products */;
			projectDirPath = "";
			projectRoot = "";
			targets = (
				7CD809AE27CA6283003F8702 /* Team Dream Machine */,
				7CD809BE27CA6287003F8702 /* Team Dream MachineTests */,
				7CD809C827CA6287003F8702 /* Team Dream MachineUITests */,
			);
		};
/* End PBXProject section */

/* Begin PBXResourcesBuildPhase section */
		7CD809AD27CA6283003F8702 /* Resources */ = {
			isa = PBXResourcesBuildPhase;
			buildActionMask = 2147483647;
			files = (
				7CF7B9CE27CF88C50051144A /* BalonkuRegular.otf in Resources */,
				7CF7B9CD27CF88C10051144A /* kirby-classic.ttf in Resources */,
				7CD809BA27CA6286003F8702 /* Preview Assets.xcassets in Resources */,
				7CF7B9C227CF88A60051144A /* BubbleLemonB.ttf in Resources */,
				7CD809B727CA6286003F8702 /* Assets.xcassets in Resources */,
				7CF7B9CB27CF88B90051144A /* SunnyspellsRegular.otf in Resources */,
				7CF7B9C527CF88A60051144A /* BubbleLemonA.ttf in Resources */,
			);
			runOnlyForDeploymentPostprocessing = 0;
		};
		7CD809BD27CA6287003F8702 /* Resources */ = {
			isa = PBXResourcesBuildPhase;
			buildActionMask = 2147483647;
			files = (
			);
			runOnlyForDeploymentPostprocessing = 0;
		};
		7CD809C727CA6287003F8702 /* Resources */ = {
			isa = PBXResourcesBuildPhase;
			buildActionMask = 2147483647;
			files = (
			);
			runOnlyForDeploymentPostprocessing = 0;
		};
/* End PBXResourcesBuildPhase section */

/* Begin PBXSourcesBuildPhase section */
		7CD809AB27CA6283003F8702 /* Sources */ = {
			isa = PBXSourcesBuildPhase;
			buildActionMask = 2147483647;
			files = (
				7CC5007F27CE179B0024F77C /* Device.swift in Sources */,
				7CC5008C27CE23850024F77C /* TeammateFeedbackView.swift in Sources */,
				7CC5007B27CE0FC50024F77C /* PlayerIntersectionCoordinator.swift in Sources */,
				7CD8BB7427CAF61100F09132 /* PlayerFeedbackView.swift in Sources */,
				7CC5008927CE22F30024F77C /* PassThePhoneViewModel.swift in Sources */,
				7CD8BB6627CAE48300F09132 /* RosterList.swift in Sources */,
				7C553B2C27CFD78D00A9C52C /* TeamResultsViewModel.swift in Sources */,
				7CC5009527CE6C380024F77C /* StripesShape.swift in Sources */,
				7CC5009A27CE76D80024F77C /* TeamView.swift in Sources */,
				7CC5009127CE4E520024F77C /* PairingSceneLinkFactory.swift in Sources */,
				7CD8BB7027CAF49900F09132 /* PassThePhoneView.swift in Sources */,
				7C9CE7CD27CFCE2A007C38D8 /* OnAnimationComplete.swift in Sources */,
				7CC5008F27CE241D0024F77C /* InterestInputView.swift in Sources */,
				7CD8BB7227CAF5E000F09132 /* PlayerIntersectionModel.swift in Sources */,
				7C553B3027CFFF9300A9C52C /* ColorPickerView.swift in Sources */,
				7CC5008727CE21300024F77C /* PairingInstructionsView.swift in Sources */,
				7C9CE7CB27CFC75D007C38D8 /* CloudView.swift in Sources */,
				7CC5008227CE185A0024F77C /* Rainbow.swift in Sources */,
				7CD8BB6C27CAF43700F09132 /* AddPlayerViewModel.swift in Sources */,
				7CD809B327CA6283003F8702 /* Team_Dream_MachineApp.swift in Sources */,
				7CC5009327CE4FFF0024F77C /* Person.swift in Sources */,
				7CF7B9BA27CF86510051144A /* WelcomeView.swift in Sources */,
				7C9CE7CF27CFD5C0007C38D8 /* PlayerInterestConverter.swift in Sources */,
				7CC5009827CE749D0024F77C /* TeamResultsView.swift in Sources */,
				7CC5009F27CE7C460024F77C /* AppColors.swift in Sources */,
				7CD8BB6E27CAF45300F09132 /* View+RoundedCorners.swift in Sources */,
				7CD8BB6827CAE53800F09132 /* AddPlayerDrawer.swift in Sources */,
			);
			runOnlyForDeploymentPostprocessing = 0;
		};
		7CD809BB27CA6287003F8702 /* Sources */ = {
			isa = PBXSourcesBuildPhase;
			buildActionMask = 2147483647;
			files = (
			);
			runOnlyForDeploymentPostprocessing = 0;
		};
		7CD809C527CA6287003F8702 /* Sources */ = {
			isa = PBXSourcesBuildPhase;
			buildActionMask = 2147483647;
			files = (
			);
			runOnlyForDeploymentPostprocessing = 0;
		};
/* End PBXSourcesBuildPhase section */

/* Begin PBXTargetDependency section */
		7CD809C127CA6287003F8702 /* PBXTargetDependency */ = {
			isa = PBXTargetDependency;
			target = 7CD809AE27CA6283003F8702 /* Team Dream Machine */;
			targetProxy = 7CD809C027CA6287003F8702 /* PBXContainerItemProxy */;
		};
		7CD809CB27CA6287003F8702 /* PBXTargetDependency */ = {
			isa = PBXTargetDependency;
			target = 7CD809AE27CA6283003F8702 /* Team Dream Machine */;
			targetProxy = 7CD809CA27CA6287003F8702 /* PBXContainerItemProxy */;
		};
/* End PBXTargetDependency section */

/* Begin XCBuildConfiguration section */
		7CD809D127CA6287003F8702 /* Debug */ = {
			isa = XCBuildConfiguration;
			buildSettings = {
				ALWAYS_SEARCH_USER_PATHS = NO;
				CLANG_ANALYZER_NONNULL = YES;
				CLANG_ANALYZER_NUMBER_OBJECT_CONVERSION = YES_AGGRESSIVE;
				CLANG_CXX_LANGUAGE_STANDARD = "gnu++17";
				CLANG_CXX_LIBRARY = "libc++";
				CLANG_ENABLE_MODULES = YES;
				CLANG_ENABLE_OBJC_ARC = YES;
				CLANG_ENABLE_OBJC_WEAK = YES;
				CLANG_WARN_BLOCK_CAPTURE_AUTORELEASING = YES;
				CLANG_WARN_BOOL_CONVERSION = YES;
				CLANG_WARN_COMMA = YES;
				CLANG_WARN_CONSTANT_CONVERSION = YES;
				CLANG_WARN_DEPRECATED_OBJC_IMPLEMENTATIONS = YES;
				CLANG_WARN_DIRECT_OBJC_ISA_USAGE = YES_ERROR;
				CLANG_WARN_DOCUMENTATION_COMMENTS = YES;
				CLANG_WARN_EMPTY_BODY = YES;
				CLANG_WARN_ENUM_CONVERSION = YES;
				CLANG_WARN_INFINITE_RECURSION = YES;
				CLANG_WARN_INT_CONVERSION = YES;
				CLANG_WARN_NON_LITERAL_NULL_CONVERSION = YES;
				CLANG_WARN_OBJC_IMPLICIT_RETAIN_SELF = YES;
				CLANG_WARN_OBJC_LITERAL_CONVERSION = YES;
				CLANG_WARN_OBJC_ROOT_CLASS = YES_ERROR;
				CLANG_WARN_QUOTED_INCLUDE_IN_FRAMEWORK_HEADER = YES;
				CLANG_WARN_RANGE_LOOP_ANALYSIS = YES;
				CLANG_WARN_STRICT_PROTOTYPES = YES;
				CLANG_WARN_SUSPICIOUS_MOVE = YES;
				CLANG_WARN_UNGUARDED_AVAILABILITY = YES_AGGRESSIVE;
				CLANG_WARN_UNREACHABLE_CODE = YES;
				CLANG_WARN__DUPLICATE_METHOD_MATCH = YES;
				COPY_PHASE_STRIP = NO;
				DEBUG_INFORMATION_FORMAT = dwarf;
				ENABLE_STRICT_OBJC_MSGSEND = YES;
				ENABLE_TESTABILITY = YES;
				GCC_C_LANGUAGE_STANDARD = gnu11;
				GCC_DYNAMIC_NO_PIC = NO;
				GCC_NO_COMMON_BLOCKS = YES;
				GCC_OPTIMIZATION_LEVEL = 0;
				GCC_PREPROCESSOR_DEFINITIONS = (
					"DEBUG=1",
					"$(inherited)",
				);
				GCC_WARN_64_TO_32_BIT_CONVERSION = YES;
				GCC_WARN_ABOUT_RETURN_TYPE = YES_ERROR;
				GCC_WARN_UNDECLARED_SELECTOR = YES;
				GCC_WARN_UNINITIALIZED_AUTOS = YES_AGGRESSIVE;
				GCC_WARN_UNUSED_FUNCTION = YES;
				GCC_WARN_UNUSED_VARIABLE = YES;
				IPHONEOS_DEPLOYMENT_TARGET = 15.0;
				MTL_ENABLE_DEBUG_INFO = INCLUDE_SOURCE;
				MTL_FAST_MATH = YES;
				ONLY_ACTIVE_ARCH = YES;
				SDKROOT = iphoneos;
				SWIFT_ACTIVE_COMPILATION_CONDITIONS = DEBUG;
				SWIFT_OPTIMIZATION_LEVEL = "-Onone";
			};
			name = Debug;
		};
		7CD809D227CA6287003F8702 /* Release */ = {
			isa = XCBuildConfiguration;
			buildSettings = {
				ALWAYS_SEARCH_USER_PATHS = NO;
				CLANG_ANALYZER_NONNULL = YES;
				CLANG_ANALYZER_NUMBER_OBJECT_CONVERSION = YES_AGGRESSIVE;
				CLANG_CXX_LANGUAGE_STANDARD = "gnu++17";
				CLANG_CXX_LIBRARY = "libc++";
				CLANG_ENABLE_MODULES = YES;
				CLANG_ENABLE_OBJC_ARC = YES;
				CLANG_ENABLE_OBJC_WEAK = YES;
				CLANG_WARN_BLOCK_CAPTURE_AUTORELEASING = YES;
				CLANG_WARN_BOOL_CONVERSION = YES;
				CLANG_WARN_COMMA = YES;
				CLANG_WARN_CONSTANT_CONVERSION = YES;
				CLANG_WARN_DEPRECATED_OBJC_IMPLEMENTATIONS = YES;
				CLANG_WARN_DIRECT_OBJC_ISA_USAGE = YES_ERROR;
				CLANG_WARN_DOCUMENTATION_COMMENTS = YES;
				CLANG_WARN_EMPTY_BODY = YES;
				CLANG_WARN_ENUM_CONVERSION = YES;
				CLANG_WARN_INFINITE_RECURSION = YES;
				CLANG_WARN_INT_CONVERSION = YES;
				CLANG_WARN_NON_LITERAL_NULL_CONVERSION = YES;
				CLANG_WARN_OBJC_IMPLICIT_RETAIN_SELF = YES;
				CLANG_WARN_OBJC_LITERAL_CONVERSION = YES;
				CLANG_WARN_OBJC_ROOT_CLASS = YES_ERROR;
				CLANG_WARN_QUOTED_INCLUDE_IN_FRAMEWORK_HEADER = YES;
				CLANG_WARN_RANGE_LOOP_ANALYSIS = YES;
				CLANG_WARN_STRICT_PROTOTYPES = YES;
				CLANG_WARN_SUSPICIOUS_MOVE = YES;
				CLANG_WARN_UNGUARDED_AVAILABILITY = YES_AGGRESSIVE;
				CLANG_WARN_UNREACHABLE_CODE = YES;
				CLANG_WARN__DUPLICATE_METHOD_MATCH = YES;
				COPY_PHASE_STRIP = NO;
				DEBUG_INFORMATION_FORMAT = "dwarf-with-dsym";
				ENABLE_NS_ASSERTIONS = NO;
				ENABLE_STRICT_OBJC_MSGSEND = YES;
				GCC_C_LANGUAGE_STANDARD = gnu11;
				GCC_NO_COMMON_BLOCKS = YES;
				GCC_WARN_64_TO_32_BIT_CONVERSION = YES;
				GCC_WARN_ABOUT_RETURN_TYPE = YES_ERROR;
				GCC_WARN_UNDECLARED_SELECTOR = YES;
				GCC_WARN_UNINITIALIZED_AUTOS = YES_AGGRESSIVE;
				GCC_WARN_UNUSED_FUNCTION = YES;
				GCC_WARN_UNUSED_VARIABLE = YES;
				IPHONEOS_DEPLOYMENT_TARGET = 15.0;
				MTL_ENABLE_DEBUG_INFO = NO;
				MTL_FAST_MATH = YES;
				SDKROOT = iphoneos;
				SWIFT_COMPILATION_MODE = wholemodule;
				SWIFT_OPTIMIZATION_LEVEL = "-O";
				VALIDATE_PRODUCT = YES;
			};
			name = Release;
		};
		7CD809D427CA6287003F8702 /* Debug */ = {
			isa = XCBuildConfiguration;
			buildSettings = {
				ASSETCATALOG_COMPILER_APPICON_NAME = AppIcon;
				ASSETCATALOG_COMPILER_GLOBAL_ACCENT_COLOR_NAME = AccentColor;
				CODE_SIGN_STYLE = Automatic;
				CURRENT_PROJECT_VERSION = 1;
				DEVELOPMENT_ASSET_PATHS = "\"Team Dream Machine/Preview Content\"";
				DEVELOPMENT_TEAM = 2Q6F352S9S;
				ENABLE_PREVIEWS = YES;
				GENERATE_INFOPLIST_FILE = YES;
				INFOPLIST_FILE = "Team-Dream-Machine-Info.plist";
				INFOPLIST_KEY_UIApplicationSceneManifest_Generation = YES;
				INFOPLIST_KEY_UIApplicationSupportsIndirectInputEvents = YES;
				INFOPLIST_KEY_UILaunchScreen_Generation = YES;
				INFOPLIST_KEY_UISupportedInterfaceOrientations_iPad = "UIInterfaceOrientationPortrait UIInterfaceOrientationPortraitUpsideDown UIInterfaceOrientationLandscapeLeft UIInterfaceOrientationLandscapeRight";
				INFOPLIST_KEY_UISupportedInterfaceOrientations_iPhone = "UIInterfaceOrientationPortrait UIInterfaceOrientationLandscapeLeft UIInterfaceOrientationLandscapeRight";
				IPHONEOS_DEPLOYMENT_TARGET = 15.0;
				LD_RUNPATH_SEARCH_PATHS = (
					"$(inherited)",
					"@executable_path/Frameworks",
				);
				MARKETING_VERSION = 1.0;
				PRODUCT_BUNDLE_IDENTIFIER = "wrike.Team-Dream-Machine";
				PRODUCT_NAME = "$(TARGET_NAME)";
				SWIFT_EMIT_LOC_STRINGS = YES;
				SWIFT_VERSION = 5.0;
				TARGETED_DEVICE_FAMILY = "1,2";
			};
			name = Debug;
		};
		7CD809D527CA6287003F8702 /* Release */ = {
			isa = XCBuildConfiguration;
			buildSettings = {
				ASSETCATALOG_COMPILER_APPICON_NAME = AppIcon;
				ASSETCATALOG_COMPILER_GLOBAL_ACCENT_COLOR_NAME = AccentColor;
				CODE_SIGN_STYLE = Automatic;
				CURRENT_PROJECT_VERSION = 1;
				DEVELOPMENT_ASSET_PATHS = "\"Team Dream Machine/Preview Content\"";
				DEVELOPMENT_TEAM = 2Q6F352S9S;
				ENABLE_PREVIEWS = YES;
				GENERATE_INFOPLIST_FILE = YES;
				INFOPLIST_FILE = "Team-Dream-Machine-Info.plist";
				INFOPLIST_KEY_UIApplicationSceneManifest_Generation = YES;
				INFOPLIST_KEY_UIApplicationSupportsIndirectInputEvents = YES;
				INFOPLIST_KEY_UILaunchScreen_Generation = YES;
				INFOPLIST_KEY_UISupportedInterfaceOrientations_iPad = "UIInterfaceOrientationPortrait UIInterfaceOrientationPortraitUpsideDown UIInterfaceOrientationLandscapeLeft UIInterfaceOrientationLandscapeRight";
				INFOPLIST_KEY_UISupportedInterfaceOrientations_iPhone = "UIInterfaceOrientationPortrait UIInterfaceOrientationLandscapeLeft UIInterfaceOrientationLandscapeRight";
				IPHONEOS_DEPLOYMENT_TARGET = 15.0;
				LD_RUNPATH_SEARCH_PATHS = (
					"$(inherited)",
					"@executable_path/Frameworks",
				);
				MARKETING_VERSION = 1.0;
				PRODUCT_BUNDLE_IDENTIFIER = "wrike.Team-Dream-Machine";
				PRODUCT_NAME = "$(TARGET_NAME)";
				SWIFT_EMIT_LOC_STRINGS = YES;
				SWIFT_VERSION = 5.0;
				TARGETED_DEVICE_FAMILY = "1,2";
			};
			name = Release;
		};
		7CD809D727CA6287003F8702 /* Debug */ = {
			isa = XCBuildConfiguration;
			buildSettings = {
				ALWAYS_EMBED_SWIFT_STANDARD_LIBRARIES = YES;
				BUNDLE_LOADER = "$(TEST_HOST)";
				CODE_SIGN_STYLE = Automatic;
				CURRENT_PROJECT_VERSION = 1;
				DEVELOPMENT_TEAM = 2Q6F352S9S;
				GENERATE_INFOPLIST_FILE = YES;
				IPHONEOS_DEPLOYMENT_TARGET = 14.0;
				LD_RUNPATH_SEARCH_PATHS = (
					"$(inherited)",
					"@executable_path/Frameworks",
					"@loader_path/Frameworks",
				);
				MARKETING_VERSION = 1.0;
				PRODUCT_BUNDLE_IDENTIFIER = "wrike.Team-Dream-MachineTests";
				PRODUCT_NAME = "$(TARGET_NAME)";
				SWIFT_EMIT_LOC_STRINGS = NO;
				SWIFT_VERSION = 5.0;
				TARGETED_DEVICE_FAMILY = "1,2";
				TEST_HOST = "$(BUILT_PRODUCTS_DIR)/Team Dream Machine.app/Team Dream Machine";
			};
			name = Debug;
		};
		7CD809D827CA6287003F8702 /* Release */ = {
			isa = XCBuildConfiguration;
			buildSettings = {
				ALWAYS_EMBED_SWIFT_STANDARD_LIBRARIES = YES;
				BUNDLE_LOADER = "$(TEST_HOST)";
				CODE_SIGN_STYLE = Automatic;
				CURRENT_PROJECT_VERSION = 1;
				DEVELOPMENT_TEAM = 2Q6F352S9S;
				GENERATE_INFOPLIST_FILE = YES;
				IPHONEOS_DEPLOYMENT_TARGET = 14.0;
				LD_RUNPATH_SEARCH_PATHS = (
					"$(inherited)",
					"@executable_path/Frameworks",
					"@loader_path/Frameworks",
				);
				MARKETING_VERSION = 1.0;
				PRODUCT_BUNDLE_IDENTIFIER = "wrike.Team-Dream-MachineTests";
				PRODUCT_NAME = "$(TARGET_NAME)";
				SWIFT_EMIT_LOC_STRINGS = NO;
				SWIFT_VERSION = 5.0;
				TARGETED_DEVICE_FAMILY = "1,2";
				TEST_HOST = "$(BUILT_PRODUCTS_DIR)/Team Dream Machine.app/Team Dream Machine";
			};
			name = Release;
		};
		7CD809DA27CA6287003F8702 /* Debug */ = {
			isa = XCBuildConfiguration;
			buildSettings = {
				ALWAYS_EMBED_SWIFT_STANDARD_LIBRARIES = YES;
				CODE_SIGN_STYLE = Automatic;
				CURRENT_PROJECT_VERSION = 1;
				DEVELOPMENT_TEAM = 2Q6F352S9S;
				GENERATE_INFOPLIST_FILE = YES;
				LD_RUNPATH_SEARCH_PATHS = (
					"$(inherited)",
					"@executable_path/Frameworks",
					"@loader_path/Frameworks",
				);
				MARKETING_VERSION = 1.0;
				PRODUCT_BUNDLE_IDENTIFIER = "wrike.Team-Dream-MachineUITests";
				PRODUCT_NAME = "$(TARGET_NAME)";
				SWIFT_EMIT_LOC_STRINGS = NO;
				SWIFT_VERSION = 5.0;
				TARGETED_DEVICE_FAMILY = "1,2";
				TEST_TARGET_NAME = "Team Dream Machine";
			};
			name = Debug;
		};
		7CD809DB27CA6287003F8702 /* Release */ = {
			isa = XCBuildConfiguration;
			buildSettings = {
				ALWAYS_EMBED_SWIFT_STANDARD_LIBRARIES = YES;
				CODE_SIGN_STYLE = Automatic;
				CURRENT_PROJECT_VERSION = 1;
				DEVELOPMENT_TEAM = 2Q6F352S9S;
				GENERATE_INFOPLIST_FILE = YES;
				LD_RUNPATH_SEARCH_PATHS = (
					"$(inherited)",
					"@executable_path/Frameworks",
					"@loader_path/Frameworks",
				);
				MARKETING_VERSION = 1.0;
				PRODUCT_BUNDLE_IDENTIFIER = "wrike.Team-Dream-MachineUITests";
				PRODUCT_NAME = "$(TARGET_NAME)";
				SWIFT_EMIT_LOC_STRINGS = NO;
				SWIFT_VERSION = 5.0;
				TARGETED_DEVICE_FAMILY = "1,2";
				TEST_TARGET_NAME = "Team Dream Machine";
			};
			name = Release;
		};
/* End XCBuildConfiguration section */

/* Begin XCConfigurationList section */
		7CD809AA27CA6283003F8702 /* Build configuration list for PBXProject "Team Dream Machine" */ = {
			isa = XCConfigurationList;
			buildConfigurations = (
				7CD809D127CA6287003F8702 /* Debug */,
				7CD809D227CA6287003F8702 /* Release */,
			);
			defaultConfigurationIsVisible = 0;
			defaultConfigurationName = Release;
		};
		7CD809D327CA6287003F8702 /* Build configuration list for PBXNativeTarget "Team Dream Machine" */ = {
			isa = XCConfigurationList;
			buildConfigurations = (
				7CD809D427CA6287003F8702 /* Debug */,
				7CD809D527CA6287003F8702 /* Release */,
			);
			defaultConfigurationIsVisible = 0;
			defaultConfigurationName = Release;
		};
		7CD809D627CA6287003F8702 /* Build configuration list for PBXNativeTarget "Team Dream MachineTests" */ = {
			isa = XCConfigurationList;
			buildConfigurations = (
				7CD809D727CA6287003F8702 /* Debug */,
				7CD809D827CA6287003F8702 /* Release */,
			);
			defaultConfigurationIsVisible = 0;
			defaultConfigurationName = Release;
		};
		7CD809D927CA6287003F8702 /* Build configuration list for PBXNativeTarget "Team Dream MachineUITests" */ = {
			isa = XCConfigurationList;
			buildConfigurations = (
				7CD809DA27CA6287003F8702 /* Debug */,
				7CD809DB27CA6287003F8702 /* Release */,
			);
			defaultConfigurationIsVisible = 0;
			defaultConfigurationName = Release;
		};
/* End XCConfigurationList section */

/* Begin XCSwiftPackageProductDependency section */
		061727E327CA777D00CE8931 /* TeamResolver */ = {
			isa = XCSwiftPackageProductDependency;
			productName = TeamResolver;
		};
/* End XCSwiftPackageProductDependency section */
	};
	rootObject = 7CD809A727CA6283003F8702 /* Project object */;
}
